
Microsoft Visual Studio Solution File, Format Version 12.00
# Visual Studio Version 16
VisualStudioVersion = 16.0.809.7
MinimumVisualStudioVersion = 10.0.40219.1
Project("{FAE04EC0-301F-11D3-BF4B-00C04F79EFBC}") = "MinimumTest.Android", "MinimumTest.Android\MinimumTest.Android.csproj", "{0868B840-9F5D-4F78-8ECC-077225C4D83A}"
EndProject
Project("{FAE04EC0-301F-11D3-BF4B-00C04F79EFBC}") = "MinimumTest.iOS", "MinimumTest.iOS\MinimumTest.iOS.csproj", "{443BA005-B5C1-46FA-B3DB-B854D60EBC8F}"
EndProject
Project("{FAE04EC0-301F-11D3-BF4B-00C04F79EFBC}") = "MinimumTest", "MinimumTest\MinimumTest.csproj", "{9022E60C-F0A7-41C2-AEF5-1773290E80AB}"
EndProject
Project("{FAE04EC0-301F-11D3-BF4B-00C04F79EFBC}") = "MinimumTest.SharedResources", "MinimumTest.SharedResources\MinimumTest.SharedResources.csproj", "{671D249F-1B9F-4AE9-B0DB-9E7F1E3B88FE}"
EndProject
Project("{FAE04EC0-301F-11D3-BF4B-00C04F79EFBC}") = "MinimumTest.Data", "MinimumTest.Data\MinimumTest.Data.csproj", "{AE4047F3-8E4E-4313-BAD7-E6087E621760}"
EndProject
Project("{FAE04EC0-301F-11D3-BF4B-00C04F79EFBC}") = "MinimumTest.UITests", "MinimumTest.UITests\MinimumTest.UITests.csproj", "{80D80BCE-56E7-4139-8C86-EE11C1C0A83D}"
EndProject
Global
	GlobalSection(SolutionConfigurationPlatforms) = preSolution
		Debug|Any CPU = Debug|Any CPU
		Release|Any CPU = Release|Any CPU
		Debug|iPhoneSimulator = Debug|iPhoneSimulator
		Release|iPhoneSimulator = Release|iPhoneSimulator
		Debug|iPhone = Debug|iPhone
		Release|iPhone = Release|iPhone
	EndGlobalSection
	GlobalSection(ProjectConfigurationPlatforms) = postSolution
		{0868B840-9F5D-4F78-8ECC-077225C4D83A}.Debug|Any CPU.ActiveCfg = Debug|Any CPU
		{0868B840-9F5D-4F78-8ECC-077225C4D83A}.Debug|Any CPU.Build.0 = Debug|Any CPU
		{0868B840-9F5D-4F78-8ECC-077225C4D83A}.Release|Any CPU.ActiveCfg = Release|Any CPU
		{0868B840-9F5D-4F78-8ECC-077225C4D83A}.Release|Any CPU.Build.0 = Release|Any CPU
		{0868B840-9F5D-4F78-8ECC-077225C4D83A}.Debug|iPhoneSimulator.ActiveCfg = Debug|Any CPU
		{0868B840-9F5D-4F78-8ECC-077225C4D83A}.Debug|iPhoneSimulator.Build.0 = Debug|Any CPU
		{0868B840-9F5D-4F78-8ECC-077225C4D83A}.Release|iPhoneSimulator.ActiveCfg = Release|Any CPU
		{0868B840-9F5D-4F78-8ECC-077225C4D83A}.Release|iPhoneSimulator.Build.0 = Release|Any CPU
		{0868B840-9F5D-4F78-8ECC-077225C4D83A}.Debug|iPhone.ActiveCfg = Debug|Any CPU
		{0868B840-9F5D-4F78-8ECC-077225C4D83A}.Debug|iPhone.Build.0 = Debug|Any CPU
		{0868B840-9F5D-4F78-8ECC-077225C4D83A}.Release|iPhone.ActiveCfg = Release|Any CPU
		{0868B840-9F5D-4F78-8ECC-077225C4D83A}.Release|iPhone.Build.0 = Release|Any CPU
		{443BA005-B5C1-46FA-B3DB-B854D60EBC8F}.Debug|Any CPU.ActiveCfg = Debug|iPhoneSimulator
		{443BA005-B5C1-46FA-B3DB-B854D60EBC8F}.Debug|Any CPU.Build.0 = Debug|iPhoneSimulator
		{443BA005-B5C1-46FA-B3DB-B854D60EBC8F}.Release|Any CPU.ActiveCfg = Release|iPhoneSimulator
		{443BA005-B5C1-46FA-B3DB-B854D60EBC8F}.Release|Any CPU.Build.0 = Release|iPhoneSimulator
		{443BA005-B5C1-46FA-B3DB-B854D60EBC8F}.Debug|iPhoneSimulator.ActiveCfg = Debug|iPhoneSimulator
		{443BA005-B5C1-46FA-B3DB-B854D60EBC8F}.Debug|iPhoneSimulator.Build.0 = Debug|iPhoneSimulator
		{443BA005-B5C1-46FA-B3DB-B854D60EBC8F}.Release|iPhoneSimulator.ActiveCfg = Release|iPhoneSimulator
		{443BA005-B5C1-46FA-B3DB-B854D60EBC8F}.Release|iPhoneSimulator.Build.0 = Release|iPhoneSimulator
		{443BA005-B5C1-46FA-B3DB-B854D60EBC8F}.Debug|iPhone.ActiveCfg = Debug|iPhone
		{443BA005-B5C1-46FA-B3DB-B854D60EBC8F}.Debug|iPhone.Build.0 = Debug|iPhone
		{443BA005-B5C1-46FA-B3DB-B854D60EBC8F}.Release|iPhone.ActiveCfg = Release|iPhone
		{443BA005-B5C1-46FA-B3DB-B854D60EBC8F}.Release|iPhone.Build.0 = Release|iPhone
		{9022E60C-F0A7-41C2-AEF5-1773290E80AB}.Debug|Any CPU.ActiveCfg = Debug|Any CPU
		{9022E60C-F0A7-41C2-AEF5-1773290E80AB}.Debug|Any CPU.Build.0 = Debug|Any CPU
		{9022E60C-F0A7-41C2-AEF5-1773290E80AB}.Release|Any CPU.ActiveCfg = Release|Any CPU
		{9022E60C-F0A7-41C2-AEF5-1773290E80AB}.Release|Any CPU.Build.0 = Release|Any CPU
		{9022E60C-F0A7-41C2-AEF5-1773290E80AB}.Debug|iPhoneSimulator.ActiveCfg = Debug|Any CPU
		{9022E60C-F0A7-41C2-AEF5-1773290E80AB}.Debug|iPhoneSimulator.Build.0 = Debug|Any CPU
		{9022E60C-F0A7-41C2-AEF5-1773290E80AB}.Release|iPhoneSimulator.ActiveCfg = Release|Any CPU
		{9022E60C-F0A7-41C2-AEF5-1773290E80AB}.Release|iPhoneSimulator.Build.0 = Release|Any CPU
		{9022E60C-F0A7-41C2-AEF5-1773290E80AB}.Debug|iPhone.ActiveCfg = Debug|Any CPU
		{9022E60C-F0A7-41C2-AEF5-1773290E80AB}.Debug|iPhone.Build.0 = Debug|Any CPU
		{9022E60C-F0A7-41C2-AEF5-1773290E80AB}.Release|iPhone.ActiveCfg = Release|Any CPU
		{9022E60C-F0A7-41C2-AEF5-1773290E80AB}.Release|iPhone.Build.0 = Release|Any CPU
		{671D249F-1B9F-4AE9-B0DB-9E7F1E3B88FE}.Debug|Any CPU.ActiveCfg = Debug|Any CPU
		{671D249F-1B9F-4AE9-B0DB-9E7F1E3B88FE}.Debug|Any CPU.Build.0 = Debug|Any CPU
		{671D249F-1B9F-4AE9-B0DB-9E7F1E3B88FE}.Release|Any CPU.ActiveCfg = Release|Any CPU
		{671D249F-1B9F-4AE9-B0DB-9E7F1E3B88FE}.Release|Any CPU.Build.0 = Release|Any CPU
		{671D249F-1B9F-4AE9-B0DB-9E7F1E3B88FE}.Debug|iPhoneSimulator.ActiveCfg = Debug|Any CPU
		{671D249F-1B9F-4AE9-B0DB-9E7F1E3B88FE}.Debug|iPhoneSimulator.Build.0 = Debug|Any CPU
		{671D249F-1B9F-4AE9-B0DB-9E7F1E3B88FE}.Release|iPhoneSimulator.ActiveCfg = Release|Any CPU
		{671D249F-1B9F-4AE9-B0DB-9E7F1E3B88FE}.Release|iPhoneSimulator.Build.0 = Release|Any CPU
		{671D249F-1B9F-4AE9-B0DB-9E7F1E3B88FE}.Debug|iPhone.ActiveCfg = Debug|Any CPU
		{671D249F-1B9F-4AE9-B0DB-9E7F1E3B88FE}.Debug|iPhone.Build.0 = Debug|Any CPU
		{671D249F-1B9F-4AE9-B0DB-9E7F1E3B88FE}.Release|iPhone.ActiveCfg = Release|Any CPU
		{671D249F-1B9F-4AE9-B0DB-9E7F1E3B88FE}.Release|iPhone.Build.0 = Release|Any CPU
		{AE4047F3-8E4E-4313-BAD7-E6087E621760}.Debug|Any CPU.ActiveCfg = Debug|Any CPU
		{AE4047F3-8E4E-4313-BAD7-E6087E621760}.Debug|Any CPU.Build.0 = Debug|Any CPU
		{AE4047F3-8E4E-4313-BAD7-E6087E621760}.Release|Any CPU.ActiveCfg = Release|Any CPU
		{AE4047F3-8E4E-4313-BAD7-E6087E621760}.Release|Any CPU.Build.0 = Release|Any CPU
		{AE4047F3-8E4E-4313-BAD7-E6087E621760}.Debug|iPhoneSimulator.ActiveCfg = Debug|Any CPU
		{AE4047F3-8E4E-4313-BAD7-E6087E621760}.Debug|iPhoneSimulator.Build.0 = Debug|Any CPU
		{AE4047F3-8E4E-4313-BAD7-E6087E621760}.Release|iPhoneSimulator.ActiveCfg = Release|Any CPU
		{AE4047F3-8E4E-4313-BAD7-E6087E621760}.Release|iPhoneSimulator.Build.0 = Release|Any CPU
		{AE4047F3-8E4E-4313-BAD7-E6087E621760}.Debug|iPhone.ActiveCfg = Debug|Any CPU
		{AE4047F3-8E4E-4313-BAD7-E6087E621760}.Debug|iPhone.Build.0 = Debug|Any CPU
		{AE4047F3-8E4E-4313-BAD7-E6087E621760}.Release|iPhone.ActiveCfg = Release|Any CPU
		{AE4047F3-8E4E-4313-BAD7-E6087E621760}.Release|iPhone.Build.0 = Release|Any CPU
		{80D80BCE-56E7-4139-8C86-EE11C1C0A83D}.Debug|Any CPU.ActiveCfg = Debug|Any CPU
		{80D80BCE-56E7-4139-8C86-EE11C1C0A83D}.Debug|Any CPU.Build.0 = Debug|Any CPU
		{80D80BCE-56E7-4139-8C86-EE11C1C0A83D}.Release|Any CPU.ActiveCfg = Release|Any CPU
		{80D80BCE-56E7-4139-8C86-EE11C1C0A83D}.Release|Any CPU.Build.0 = Release|Any CPU
		{80D80BCE-56E7-4139-8C86-EE11C1C0A83D}.Debug|iPhoneSimulator.ActiveCfg = Debug|Any CPU
		{80D80BCE-56E7-4139-8C86-EE11C1C0A83D}.Debug|iPhoneSimulator.Build.0 = Debug|Any CPU
		{80D80BCE-56E7-4139-8C86-EE11C1C0A83D}.Release|iPhoneSimulator.ActiveCfg = Release|Any CPU
		{80D80BCE-56E7-4139-8C86-EE11C1C0A83D}.Release|iPhoneSimulator.Build.0 = Release|Any CPU
		{80D80BCE-56E7-4139-8C86-EE11C1C0A83D}.Debug|iPhone.ActiveCfg = Debug|Any CPU
		{80D80BCE-56E7-4139-8C86-EE11C1C0A83D}.Debug|iPhone.Build.0 = Debug|Any CPU
		{80D80BCE-56E7-4139-8C86-EE11C1C0A83D}.Release|iPhone.ActiveCfg = Release|Any CPU
		{80D80BCE-56E7-4139-8C86-EE11C1C0A83D}.Release|iPhone.Build.0 = Release|Any CPU
	EndGlobalSection
	GlobalSection(SolutionProperties) = preSolution
		HideSolutionNode = FALSE
	EndGlobalSection
	GlobalSection(ExtensibilityGlobals) = postSolution
		SolutionGuid = {A86A68D1-CC35-42A2-8174-87D721B2A12C}
	EndGlobalSection
EndGlobal
